
Microsoft Visual Studio Solution File, Format Version 12.00
# Visual Studio Version 17
VisualStudioVersion = 17.4.33205.214
MinimumVisualStudioVersion = 10.0.40219.1
Project("{9A19103F-16F7-4668-BE54-9A1E7A4F7556}") = "Globomantics.Web", "Globomantics.Web\Globomantics.Web.csproj", "{87D0068E-4504-4EC8-8CA1-3462E1A89507}"
EndProject
Project("{9A19103F-16F7-4668-BE54-9A1E7A4F7556}") = "Globomantics.Communication", "Globomantics.Communication\Globomantics.Communication.csproj", "{E09D112C-1A15-41C2-9BDA-1D09E8F6792F}"
EndProject
Project("{9A19103F-16F7-4668-BE54-9A1E7A4F7556}") = "Globomantics.Satellite", "Globomantics.Satellite\Globomantics.Satellite.csproj", "{602F98A8-B81F-43AC-B34F-0C90B905FBF7}"
EndProject
Project("{2150E333-8FDC-42A3-9474-1A3956D46DE8}") = "Solution Items", "Solution Items", "{EF088FC5-BAB8-4085-AE10-E08FE2212A23}"
EndProject
Project("{2150E333-8FDC-42A3-9474-1A3956D46DE8}") = ".nuget", ".nuget", "{CFBEF67E-E8FD-4231-AFF9-981C5B9A0364}"
	ProjectSection(SolutionItems) = preProject
		.nuget\nuget.config = .nuget\nuget.config
	EndProjectSection
EndProject
Global
	GlobalSection(SolutionConfigurationPlatforms) = preSolution
		Debug|Any CPU = Debug|Any CPU
		Release|Any CPU = Release|Any CPU
	EndGlobalSection
	GlobalSection(ProjectConfigurationPlatforms) = postSolution
		{87D0068E-4504-4EC8-8CA1-3462E1A89507}.Debug|Any CPU.ActiveCfg = Debug|Any CPU
		{87D0068E-4504-4EC8-8CA1-3462E1A89507}.Debug|Any CPU.Build.0 = Debug|Any CPU
		{87D0068E-4504-4EC8-8CA1-3462E1A89507}.Release|Any CPU.ActiveCfg = Release|Any CPU
		{87D0068E-4504-4EC8-8CA1-3462E1A89507}.Release|Any CPU.Build.0 = Release|Any CPU
		{E09D112C-1A15-41C2-9BDA-1D09E8F6792F}.Debug|Any CPU.ActiveCfg = Debug|Any CPU
		{E09D112C-1A15-41C2-9BDA-1D09E8F6792F}.Debug|Any CPU.Build.0 = Debug|Any CPU
		{E09D112C-1A15-41C2-9BDA-1D09E8F6792F}.Release|Any CPU.ActiveCfg = Release|Any CPU
		{E09D112C-1A15-41C2-9BDA-1D09E8F6792F}.Release|Any CPU.Build.0 = Release|Any CPU
		{602F98A8-B81F-43AC-B34F-0C90B905FBF7}.Debug|Any CPU.ActiveCfg = Debug|Any CPU
		{602F98A8-B81F-43AC-B34F-0C90B905FBF7}.Debug|Any CPU.Build.0 = Debug|Any CPU
		{602F98A8-B81F-43AC-B34F-0C90B905FBF7}.Release|Any CPU.ActiveCfg = Release|Any CPU
		{602F98A8-B81F-43AC-B34F-0C90B905FBF7}.Release|Any CPU.Build.0 = Release|Any CPU
	EndGlobalSection
	GlobalSection(SolutionProperties) = preSolution
		HideSolutionNode = FALSE
	EndGlobalSection
	GlobalSection(ExtensibilityGlobals) = postSolution
		SolutionGuid = {7724CA30-39C4-4CE8-88F5-020E5A98A658}
	EndGlobalSection
EndGlobal
